
Microsoft Visual Studio Solution File, Format Version 12.00
# Visual Studio Version 16
VisualStudioVersion = 16.0.28803.156
MinimumVisualStudioVersion = 10.0.40219.1
Project("{9A19103F-16F7-4668-BE54-9A1E7A4F7556}") = "Hangfire.Prometheus.UnitTests", "Hangfire.Prometheus.UnitTests\Hangfire.Prometheus.UnitTests.csproj", "{6D277023-6F27-4AD3-B019-837AE1AF2D20}"
EndProject
Project("{9A19103F-16F7-4668-BE54-9A1E7A4F7556}") = "Hangfire.Prometheus.Core", "Hangfire.Prometheus\Hangfire.Prometheus.Core.csproj", "{2111DED7-A319-4FDB-9B6F-358B6F45CD25}"
EndProject
Project("{9A19103F-16F7-4668-BE54-9A1E7A4F7556}") = "Hangfire.Prometheus.NetCore", "Hangfire.Prometheus.NetCore\Hangfire.Prometheus.NetCore.csproj", "{60A28CC1-178C-4D10-B2D1-78556D2A21ED}"
EndProject
Project("{9A19103F-16F7-4668-BE54-9A1E7A4F7556}") = "Hangfire.Prometheus.NetFramework", "Hangfire.Prometheus.NetFramework\Hangfire.Prometheus.NetFramework.csproj", "{F30A3906-3A4F-4C33-88D5-47F6D21F9FD4}"
EndProject
Global
	GlobalSection(SolutionConfigurationPlatforms) = preSolution
		Debug|Any CPU = Debug|Any CPU
		Release|Any CPU = Release|Any CPU
	EndGlobalSection
	GlobalSection(ProjectConfigurationPlatforms) = postSolution
		{6D277023-6F27-4AD3-B019-837AE1AF2D20}.Debug|Any CPU.ActiveCfg = Debug|Any CPU
		{6D277023-6F27-4AD3-B019-837AE1AF2D20}.Debug|Any CPU.Build.0 = Debug|Any CPU
		{6D277023-6F27-4AD3-B019-837AE1AF2D20}.Release|Any CPU.ActiveCfg = Release|Any CPU
		{6D277023-6F27-4AD3-B019-837AE1AF2D20}.Release|Any CPU.Build.0 = Release|Any CPU
		{2111DED7-A319-4FDB-9B6F-358B6F45CD25}.Debug|Any CPU.ActiveCfg = Debug|Any CPU
		{2111DED7-A319-4FDB-9B6F-358B6F45CD25}.Debug|Any CPU.Build.0 = Debug|Any CPU
		{2111DED7-A319-4FDB-9B6F-358B6F45CD25}.Release|Any CPU.ActiveCfg = Release|Any CPU
		{2111DED7-A319-4FDB-9B6F-358B6F45CD25}.Release|Any CPU.Build.0 = Release|Any CPU
		{60A28CC1-178C-4D10-B2D1-78556D2A21ED}.Debug|Any CPU.ActiveCfg = Debug|Any CPU
		{60A28CC1-178C-4D10-B2D1-78556D2A21ED}.Debug|Any CPU.Build.0 = Debug|Any CPU
		{60A28CC1-178C-4D10-B2D1-78556D2A21ED}.Release|Any CPU.ActiveCfg = Release|Any CPU
		{60A28CC1-178C-4D10-B2D1-78556D2A21ED}.Release|Any CPU.Build.0 = Release|Any CPU
		{F30A3906-3A4F-4C33-88D5-47F6D21F9FD4}.Debug|Any CPU.ActiveCfg = Debug|Any CPU
		{F30A3906-3A4F-4C33-88D5-47F6D21F9FD4}.Debug|Any CPU.Build.0 = Debug|Any CPU
		{F30A3906-3A4F-4C33-88D5-47F6D21F9FD4}.Release|Any CPU.ActiveCfg = Release|Any CPU
		{F30A3906-3A4F-4C33-88D5-47F6D21F9FD4}.Release|Any CPU.Build.0 = Release|Any CPU
	EndGlobalSection
	GlobalSection(SolutionProperties) = preSolution
		HideSolutionNode = FALSE
	EndGlobalSection
	GlobalSection(ExtensibilityGlobals) = postSolution
		SolutionGuid = {D7B25A79-9A17-404F-8A07-E274B0DB7265}
	EndGlobalSection
EndGlobal
